// !$*UTF8*$!
{
	archiveVersion = 1;
	classes = {
	};
	objectVersion = 77;
	objects = {

/* Begin PBXBuildFile section */
		D8DB25302DD5D61C002CBF14 /* Info.plist in Resources */ = {isa = PBXBuildFile; fileRef = D8DB252F2DD5D61C002CBF14 /* Info.plist */; };
/* End PBXBuildFile section */

/* Begin PBXContainerItemProxy section */
		D8B5DD582DD5D0C600138445 /* PBXContainerItemProxy */ = {
			isa = PBXContainerItemProxy;
			containerPortal = D8B5DD412DD5D0C300138445 /* Project object */;
			proxyType = 1;
			remoteGlobalIDString = D8B5DD482DD5D0C300138445;
			remoteInfo = MenuBarTimer;
		};
		D8B5DD622DD5D0C600138445 /* PBXContainerItemProxy */ = {
			isa = PBXContainerItemProxy;
			containerPortal = D8B5DD412DD5D0C300138445 /* Project object */;
			proxyType = 1;
			remoteGlobalIDString = D8B5DD482DD5D0C300138445;
			remoteInfo = MenuBarTimer;
		};
/* End PBXContainerItemProxy section */

/* Begin PBXFileReference section */
		D8B5DD492DD5D0C300138445 /* MenuBarTimer.app */ = {isa = PBXFileReference; explicitFileType = wrapper.application; includeInIndex = 0; path = MenuBarTimer.app; sourceTree = BUILT_PRODUCTS_DIR; };
		D8B5DD572DD5D0C600138445 /* MenuBarTimerTests.xctest */ = {isa = PBXFileReference; explicitFileType = wrapper.cfbundle; includeInIndex = 0; path = MenuBarTimerTests.xctest; sourceTree = BUILT_PRODUCTS_DIR; };
		D8B5DD612DD5D0C600138445 /* MenuBarTimerUITests.xctest */ = {isa = PBXFileReference; explicitFileType = wrapper.cfbundle; includeInIndex = 0; path = MenuBarTimerUITests.xctest; sourceTree = BUILT_PRODUCTS_DIR; };
		D8DB252F2DD5D61C002CBF14 /* Info.plist */ = {isa = PBXFileReference; lastKnownFileType = text.plist.xml; path = Info.plist; sourceTree = "<group>"; };
/* End PBXFileReference section */

/* Begin PBXFileSystemSynchronizedRootGroup section */
		D8B5DD4B2DD5D0C300138445 /* MenuBarTimer */ = {
			isa = PBXFileSystemSynchronizedRootGroup;
			path = MenuBarTimer;
			sourceTree = "<group>";
		};
		D8B5DD5A2DD5D0C600138445 /* MenuBarTimerTests */ = {
			isa = PBXFileSystemSynchronizedRootGroup;
			path = MenuBarTimerTests;
			sourceTree = "<group>";
		};
		D8B5DD642DD5D0C600138445 /* MenuBarTimerUITests */ = {
			isa = PBXFileSystemSynchronizedRootGroup;
			path = MenuBarTimerUITests;
			sourceTree = "<group>";
		};
/* End PBXFileSystemSynchronizedRootGroup section */

/* Begin PBXFrameworksBuildPhase section */
		D8B5DD462DD5D0C300138445 /* Frameworks */ = {
			isa = PBXFrameworksBuildPhase;
			buildActionMask = 2147483647;
			files = (
			);
			runOnlyForDeploymentPostprocessing = 0;
		};
		D8B5DD542DD5D0C600138445 /* Frameworks */ = {
			isa = PBXFrameworksBuildPhase;
			buildActionMask = 2147483647;
			files = (
			);
			runOnlyForDeploymentPostprocessing = 0;
		};
		D8B5DD5E2DD5D0C600138445 /* Frameworks */ = {
			isa = PBXFrameworksBuildPhase;
			buildActionMask = 2147483647;
			files = (
			);
			runOnlyForDeploymentPostprocessing = 0;
		};
/* End PBXFrameworksBuildPhase section */

/* Begin PBXGroup section */
		D8B5DD402DD5D0C300138445 = {
			isa = PBXGroup;
			children = (
				D8DB252F2DD5D61C002CBF14 /* Info.plist */,
				D8B5DD4B2DD5D0C300138445 /* MenuBarTimer */,
				D8B5DD5A2DD5D0C600138445 /* MenuBarTimerTests */,
				D8B5DD642DD5D0C600138445 /* MenuBarTimerUITests */,
				D8B5DD4A2DD5D0C300138445 /* Products */,
			);
			sourceTree = "<group>";
		};
		D8B5DD4A2DD5D0C300138445 /* Products */ = {
			isa = PBXGroup;
			children = (
				D8B5DD492DD5D0C300138445 /* MenuBarTimer.app */,
				D8B5DD572DD5D0C600138445 /* MenuBarTimerTests.xctest */,
				D8B5DD612DD5D0C600138445 /* MenuBarTimerUITests.xctest */,
			);
			name = Products;
			sourceTree = "<group>";
		};
/* End PBXGroup section */

/* Begin PBXNativeTarget section */
		D8B5DD482DD5D0C300138445 /* MenuBarTimer */ = {
			isa = PBXNativeTarget;
			buildConfigurationList = D8B5DD6B2DD5D0C600138445 /* Build configuration list for PBXNativeTarget "MenuBarTimer" */;
			buildPhases = (
				D8B5DD452DD5D0C300138445 /* Sources */,
				D8B5DD462DD5D0C300138445 /* Frameworks */,
				D8B5DD472DD5D0C300138445 /* Resources */,
			);
			buildRules = (
			);
			dependencies = (
			);
			fileSystemSynchronizedGroups = (
				D8B5DD4B2DD5D0C300138445 /* MenuBarTimer */,
			);
			name = MenuBarTimer;
			packageProductDependencies = (
			);
			productName = MenuBarTimer;
			productReference = D8B5DD492DD5D0C300138445 /* MenuBarTimer.app */;
			productType = "com.apple.product-type.application";
		};
		D8B5DD562DD5D0C600138445 /* MenuBarTimerTests */ = {
			isa = PBXNativeTarget;
			buildConfigurationList = D8B5DD6E2DD5D0C600138445 /* Build configuration list for PBXNativeTarget "MenuBarTimerTests" */;
			buildPhases = (
				D8B5DD532DD5D0C600138445 /* Sources */,
				D8B5DD542DD5D0C600138445 /* Frameworks */,
				D8B5DD552DD5D0C600138445 /* Resources */,
			);
			buildRules = (
			);
			dependencies = (
				D8B5DD592DD5D0C600138445 /* PBXTargetDependency */,
			);
			fileSystemSynchronizedGroups = (
				D8B5DD5A2DD5D0C600138445 /* MenuBarTimerTests */,
			);
			name = MenuBarTimerTests;
			packageProductDependencies = (
			);
			productName = MenuBarTimerTests;
			productReference = D8B5DD572DD5D0C600138445 /* MenuBarTimerTests.xctest */;
			productType = "com.apple.product-type.bundle.unit-test";
		};
		D8B5DD602DD5D0C600138445 /* MenuBarTimerUITests */ = {
			isa = PBXNativeTarget;
			buildConfigurationList = D8B5DD712DD5D0C600138445 /* Build configuration list for PBXNativeTarget "MenuBarTimerUITests" */;
			buildPhases = (
				D8B5DD5D2DD5D0C600138445 /* Sources */,
				D8B5DD5E2DD5D0C600138445 /* Frameworks */,
				D8B5DD5F2DD5D0C600138445 /* Resources */,
			);
			buildRules = (
			);
			dependencies = (
				D8B5DD632DD5D0C600138445 /* PBXTargetDependency */,
			);
			fileSystemSynchronizedGroups = (
				D8B5DD642DD5D0C600138445 /* MenuBarTimerUITests */,
			);
			name = MenuBarTimerUITests;
			packageProductDependencies = (
			);
			productName = MenuBarTimerUITests;
			productReference = D8B5DD612DD5D0C600138445 /* MenuBarTimerUITests.xctest */;
			productType = "com.apple.product-type.bundle.ui-testing";
		};
/* End PBXNativeTarget section */

/* Begin PBXProject section */
		D8B5DD412DD5D0C300138445 /* Project object */ = {
			isa = PBXProject;
			attributes = {
				BuildIndependentTargetsInParallel = 1;
				LastSwiftUpdateCheck = 1630;
				LastUpgradeCheck = 1630;
				TargetAttributes = {
					D8B5DD482DD5D0C300138445 = {
						CreatedOnToolsVersion = 16.3;
					};
					D8B5DD562DD5D0C600138445 = {
						CreatedOnToolsVersion = 16.3;
						TestTargetID = D8B5DD482DD5D0C300138445;
					};
					D8B5DD602DD5D0C600138445 = {
						CreatedOnToolsVersion = 16.3;
						TestTargetID = D8B5DD482DD5D0C300138445;
					};
				};
			};
			buildConfigurationList = D8B5DD442DD5D0C300138445 /* Build configuration list for PBXProject "MenuBarTimer" */;
			developmentRegion = en;
			hasScannedForEncodings = 0;
			knownRegions = (
				en,
				Base,
			);
			mainGroup = D8B5DD402DD5D0C300138445;
			minimizedProjectReferenceProxies = 1;
			preferredProjectObjectVersion = 77;
			productRefGroup = D8B5DD4A2DD5D0C300138445 /* Products */;
			projectDirPath = "";
			projectRoot = "";
			targets = (
				D8B5DD482DD5D0C300138445 /* MenuBarTimer */,
				D8B5DD562DD5D0C600138445 /* MenuBarTimerTests */,
				D8B5DD602DD5D0C600138445 /* MenuBarTimerUITests */,
			);
		};
/* End PBXProject section */

/* Begin PBXResourcesBuildPhase section */
		D8B5DD472DD5D0C300138445 /* Resources */ = {
			isa = PBXResourcesBuildPhase;
			buildActionMask = 2147483647;
			files = (
				D8DB25302DD5D61C002CBF14 /* Info.plist in Resources */,
			);
			runOnlyForDeploymentPostprocessing = 0;
		};
		D8B5DD552DD5D0C600138445 /* Resources */ = {
			isa = PBXResourcesBuildPhase;
			buildActionMask = 2147483647;
			files = (
			);
			runOnlyForDeploymentPostprocessing = 0;
		};
		D8B5DD5F2DD5D0C600138445 /* Resources */ = {
			isa = PBXResourcesBuildPhase;
			buildActionMask = 2147483647;
			files = (
			);
			runOnlyForDeploymentPostprocessing = 0;
		};
/* End PBXResourcesBuildPhase section */

/* Begin PBXSourcesBuildPhase section */
		D8B5DD452DD5D0C300138445 /* Sources */ = {
			isa = PBXSourcesBuildPhase;
			buildActionMask = 2147483647;
			files = (
			);
			runOnlyForDeploymentPostprocessing = 0;
		};
		D8B5DD532DD5D0C600138445 /* Sources */ = {
			isa = PBXSourcesBuildPhase;
			buildActionMask = 2147483647;
			files = (
			);
			runOnlyForDeploymentPostprocessing = 0;
		};
		D8B5DD5D2DD5D0C600138445 /* Sources */ = {
			isa = PBXSourcesBuildPhase;
			buildActionMask = 2147483647;
			files = (
			);
			runOnlyForDeploymentPostprocessing = 0;
		};
/* End PBXSourcesBuildPhase section */

/* Begin PBXTargetDependency section */
		D8B5DD592DD5D0C600138445 /* PBXTargetDependency */ = {
			isa = PBXTargetDependency;
			target = D8B5DD482DD5D0C300138445 /* MenuBarTimer */;
			targetProxy = D8B5DD582DD5D0C600138445 /* PBXContainerItemProxy */;
		};
		D8B5DD632DD5D0C600138445 /* PBXTargetDependency */ = {
			isa = PBXTargetDependency;
			target = D8B5DD482DD5D0C300138445 /* MenuBarTimer */;
			targetProxy = D8B5DD622DD5D0C600138445 /* PBXContainerItemProxy */;
		};
/* End PBXTargetDependency section */

/* Begin XCBuildConfiguration section */
		D8B5DD692DD5D0C600138445 /* Debug */ = {
			isa = XCBuildConfiguration;
			buildSettings = {
				ALWAYS_SEARCH_USER_PATHS = NO;
				ASSETCATALOG_COMPILER_GENERATE_SWIFT_ASSET_SYMBOL_EXTENSIONS = YES;
				CLANG_ANALYZER_NONNULL = YES;
				CLANG_ANALYZER_NUMBER_OBJECT_CONVERSION = YES_AGGRESSIVE;
				CLANG_CXX_LANGUAGE_STANDARD = "gnu++20";
				CLANG_ENABLE_MODULES = YES;
				CLANG_ENABLE_OBJC_ARC = YES;
				CLANG_ENABLE_OBJC_WEAK = YES;
				CLANG_WARN_BLOCK_CAPTURE_AUTORELEASING = YES;
				CLANG_WARN_BOOL_CONVERSION = YES;
				CLANG_WARN_COMMA = YES;
				CLANG_WARN_CONSTANT_CONVERSION = YES;
				CLANG_WARN_DEPRECATED_OBJC_IMPLEMENTATIONS = YES;
				CLANG_WARN_DIRECT_OBJC_ISA_USAGE = YES_ERROR;
				CLANG_WARN_DOCUMENTATION_COMMENTS = YES;
				CLANG_WARN_EMPTY_BODY = YES;
				CLANG_WARN_ENUM_CONVERSION = YES;
				CLANG_WARN_INFINITE_RECURSION = YES;
				CLANG_WARN_INT_CONVERSION = YES;
				CLANG_WARN_NON_LITERAL_NULL_CONVERSION = YES;
				CLANG_WARN_OBJC_IMPLICIT_RETAIN_SELF = YES;
				CLANG_WARN_OBJC_LITERAL_CONVERSION = YES;
				CLANG_WARN_OBJC_ROOT_CLASS = YES_ERROR;
				CLANG_WARN_QUOTED_INCLUDE_IN_FRAMEWORK_HEADER = YES;
				CLANG_WARN_RANGE_LOOP_ANALYSIS = YES;
				CLANG_WARN_STRICT_PROTOTYPES = YES;
				CLANG_WARN_SUSPICIOUS_MOVE = YES;
				CLANG_WARN_UNGUARDED_AVAILABILITY = YES_AGGRESSIVE;
				CLANG_WARN_UNREACHABLE_CODE = YES;
				CLANG_WARN__DUPLICATE_METHOD_MATCH = YES;
				COPY_PHASE_STRIP = NO;
				DEBUG_INFORMATION_FORMAT = dwarf;
				ENABLE_STRICT_OBJC_MSGSEND = YES;
				ENABLE_TESTABILITY = YES;
				ENABLE_USER_SCRIPT_SANDBOXING = YES;
				GCC_C_LANGUAGE_STANDARD = gnu17;
				GCC_DYNAMIC_NO_PIC = NO;
				GCC_NO_COMMON_BLOCKS = YES;
				GCC_OPTIMIZATION_LEVEL = 0;
				GCC_PREPROCESSOR_DEFINITIONS = (
					"DEBUG=1",
					"$(inherited)",
				);
				GCC_WARN_64_TO_32_BIT_CONVERSION = YES;
				GCC_WARN_ABOUT_RETURN_TYPE = YES_ERROR;
				GCC_WARN_UNDECLARED_SELECTOR = YES;
				GCC_WARN_UNINITIALIZED_AUTOS = YES_AGGRESSIVE;
				GCC_WARN_UNUSED_FUNCTION = YES;
				GCC_WARN_UNUSED_VARIABLE = YES;
				LOCALIZATION_PREFERS_STRING_CATALOGS = YES;
				MACOSX_DEPLOYMENT_TARGET = 15.4;
				MTL_ENABLE_DEBUG_INFO = INCLUDE_SOURCE;
				MTL_FAST_MATH = YES;
				ONLY_ACTIVE_ARCH = YES;
				SDKROOT = macosx;
				SWIFT_ACTIVE_COMPILATION_CONDITIONS = "DEBUG $(inherited)";
				SWIFT_OPTIMIZATION_LEVEL = "-Onone";
			};
			name = Debug;
		};
		D8B5DD6A2DD5D0C600138445 /* Release */ = {
			isa = XCBuildConfiguration;
			buildSettings = {
				ALWAYS_SEARCH_USER_PATHS = NO;
				ASSETCATALOG_COMPILER_GENERATE_SWIFT_ASSET_SYMBOL_EXTENSIONS = YES;
				CLANG_ANALYZER_NONNULL = YES;
				CLANG_ANALYZER_NUMBER_OBJECT_CONVERSION = YES_AGGRESSIVE;
				CLANG_CXX_LANGUAGE_STANDARD = "gnu++20";
				CLANG_ENABLE_MODULES = YES;
				CLANG_ENABLE_OBJC_ARC = YES;
				CLANG_ENABLE_OBJC_WEAK = YES;
				CLANG_WARN_BLOCK_CAPTURE_AUTORELEASING = YES;
				CLANG_WARN_BOOL_CONVERSION = YES;
				CLANG_WARN_COMMA = YES;
				CLANG_WARN_CONSTANT_CONVERSION = YES;
				CLANG_WARN_DEPRECATED_OBJC_IMPLEMENTATIONS = YES;
				CLANG_WARN_DIRECT_OBJC_ISA_USAGE = YES_ERROR;
				CLANG_WARN_DOCUMENTATION_COMMENTS = YES;
				CLANG_WARN_EMPTY_BODY = YES;
				CLANG_WARN_ENUM_CONVERSION = YES;
				CLANG_WARN_INFINITE_RECURSION = YES;
				CLANG_WARN_INT_CONVERSION = YES;
				CLANG_WARN_NON_LITERAL_NULL_CONVERSION = YES;
				CLANG_WARN_OBJC_IMPLICIT_RETAIN_SELF = YES;
				CLANG_WARN_OBJC_LITERAL_CONVERSION = YES;
				CLANG_WARN_OBJC_ROOT_CLASS = YES_ERROR;
				CLANG_WARN_QUOTED_INCLUDE_IN_FRAMEWORK_HEADER = YES;
				CLANG_WARN_RANGE_LOOP_ANALYSIS = YES;
				CLANG_WARN_STRICT_PROTOTYPES = YES;
				CLANG_WARN_SUSPICIOUS_MOVE = YES;
				CLANG_WARN_UNGUARDED_AVAILABILITY = YES_AGGRESSIVE;
				CLANG_WARN_UNREACHABLE_CODE = YES;
				CLANG_WARN__DUPLICATE_METHOD_MATCH = YES;
				COPY_PHASE_STRIP = NO;
				DEBUG_INFORMATION_FORMAT = "dwarf-with-dsym";
				ENABLE_NS_ASSERTIONS = NO;
				ENABLE_STRICT_OBJC_MSGSEND = YES;
				ENABLE_USER_SCRIPT_SANDBOXING = YES;
				GCC_C_LANGUAGE_STANDARD = gnu17;
				GCC_NO_COMMON_BLOCKS = YES;
				GCC_WARN_64_TO_32_BIT_CONVERSION = YES;
				GCC_WARN_ABOUT_RETURN_TYPE = YES_ERROR;
				GCC_WARN_UNDECLARED_SELECTOR = YES;
				GCC_WARN_UNINITIALIZED_AUTOS = YES_AGGRESSIVE;
				GCC_WARN_UNUSED_FUNCTION = YES;
				GCC_WARN_UNUSED_VARIABLE = YES;
				LOCALIZATION_PREFERS_STRING_CATALOGS = YES;
				MACOSX_DEPLOYMENT_TARGET = 15.4;
				MTL_ENABLE_DEBUG_INFO = NO;
				MTL_FAST_MATH = YES;
				SDKROOT = macosx;
				SWIFT_COMPILATION_MODE = wholemodule;
			};
			name = Release;
		};
		D8B5DD6C2DD5D0C600138445 /* Debug */ = {
			isa = XCBuildConfiguration;
			buildSettings = {
				ASSETCATALOG_COMPILER_APPICON_NAME = AppIcon;
				ASSETCATALOG_COMPILER_GLOBAL_ACCENT_COLOR_NAME = AccentColor;
				CODE_SIGN_ENTITLEMENTS = MenuBarTimer/MenuBarTimer.entitlements;
				CODE_SIGN_STYLE = Automatic;
				COMBINE_HIDPI_IMAGES = YES;
				CURRENT_PROJECT_VERSION = 1;
				ENABLE_PREVIEWS = YES;
				GENERATE_INFOPLIST_FILE = YES;
				INFOPLIST_KEY_NSHumanReadableCopyright = "";
				LD_RUNPATH_SEARCH_PATHS = (
					"$(inherited)",
					"@executable_path/../Frameworks",
				);
				MARKETING_VERSION = 1.0;
				PRODUCT_BUNDLE_IDENTIFIER = loop.MenuBarTimer;
				PRODUCT_NAME = "$(TARGET_NAME)";
				REGISTER_APP_GROUPS = YES;
				SWIFT_EMIT_LOC_STRINGS = YES;
				SWIFT_VERSION = 5.0;
			};
			name = Debug;
		};
		D8B5DD6D2DD5D0C600138445 /* Release */ = {
			isa = XCBuildConfiguration;
			buildSettings = {
				ASSETCATALOG_COMPILER_APPICON_NAME = AppIcon;
				ASSETCATALOG_COMPILER_GLOBAL_ACCENT_COLOR_NAME = AccentColor;
				CODE_SIGN_ENTITLEMENTS = MenuBarTimer/MenuBarTimer.entitlements;
				CODE_SIGN_STYLE = Automatic;
				COMBINE_HIDPI_IMAGES = YES;
				CURRENT_PROJECT_VERSION = 1;
				ENABLE_PREVIEWS = YES;
				GENERATE_INFOPLIST_FILE = YES;
				INFOPLIST_KEY_NSHumanReadableCopyright = "";
				LD_RUNPATH_SEARCH_PATHS = (
					"$(inherited)",
					"@executable_path/../Frameworks",
				);
				MARKETING_VERSION = 1.0;
				PRODUCT_BUNDLE_IDENTIFIER = loop.MenuBarTimer;
				PRODUCT_NAME = "$(TARGET_NAME)";
				REGISTER_APP_GROUPS = YES;
				SWIFT_EMIT_LOC_STRINGS = YES;
				SWIFT_VERSION = 5.0;
			};
			name = Release;
		};
		D8B5DD6F2DD5D0C600138445 /* Debug */ = {
			isa = XCBuildConfiguration;
			buildSettings = {
				BUNDLE_LOADER = "$(TEST_HOST)";
				CODE_SIGN_STYLE = Automatic;
				CURRENT_PROJECT_VERSION = 1;
				GENERATE_INFOPLIST_FILE = YES;
				MACOSX_DEPLOYMENT_TARGET = 15.4;
				MARKETING_VERSION = 1.0;
				PRODUCT_BUNDLE_IDENTIFIER = loop.MenuBarTimerTests;
				PRODUCT_NAME = "$(TARGET_NAME)";
				SWIFT_EMIT_LOC_STRINGS = NO;
				SWIFT_VERSION = 5.0;
				TEST_HOST = "$(BUILT_PRODUCTS_DIR)/MenuBarTimer.app/$(BUNDLE_EXECUTABLE_FOLDER_PATH)/MenuBarTimer";
			};
			name = Debug;
		};
		D8B5DD702DD5D0C600138445 /* Release */ = {
			isa = XCBuildConfiguration;
			buildSettings = {
				BUNDLE_LOADER = "$(TEST_HOST)";
				CODE_SIGN_STYLE = Automatic;
				CURRENT_PROJECT_VERSION = 1;
				GENERATE_INFOPLIST_FILE = YES;
				MACOSX_DEPLOYMENT_TARGET = 15.4;
				MARKETING_VERSION = 1.0;
				PRODUCT_BUNDLE_IDENTIFIER = loop.MenuBarTimerTests;
				PRODUCT_NAME = "$(TARGET_NAME)";
				SWIFT_EMIT_LOC_STRINGS = NO;
				SWIFT_VERSION = 5.0;
				TEST_HOST = "$(BUILT_PRODUCTS_DIR)/MenuBarTimer.app/$(BUNDLE_EXECUTABLE_FOLDER_PATH)/MenuBarTimer";
			};
			name = Release;
		};
		D8B5DD722DD5D0C600138445 /* Debug */ = {
			isa = XCBuildConfiguration;
			buildSettings = {
				CODE_SIGN_STYLE = Automatic;
				CURRENT_PROJECT_VERSION = 1;
				GENERATE_INFOPLIST_FILE = YES;
				MARKETING_VERSION = 1.0;
				PRODUCT_BUNDLE_IDENTIFIER = loop.MenuBarTimerUITests;
				PRODUCT_NAME = "$(TARGET_NAME)";
				SWIFT_EMIT_LOC_STRINGS = NO;
				SWIFT_VERSION = 5.0;
				TEST_TARGET_NAME = MenuBarTimer;
			};
			name = Debug;
		};
		D8B5DD732DD5D0C600138445 /* Release */ = {
			isa = XCBuildConfiguration;
			buildSettings = {
				CODE_SIGN_STYLE = Automatic;
				CURRENT_PROJECT_VERSION = 1;
				GENERATE_INFOPLIST_FILE = YES;
				MARKETING_VERSION = 1.0;
				PRODUCT_BUNDLE_IDENTIFIER = loop.MenuBarTimerUITests;
				PRODUCT_NAME = "$(TARGET_NAME)";
				SWIFT_EMIT_LOC_STRINGS = NO;
				SWIFT_VERSION = 5.0;
				TEST_TARGET_NAME = MenuBarTimer;
			};
			name = Release;
		};
/* End XCBuildConfiguration section */

/* Begin XCConfigurationList section */
		D8B5DD442DD5D0C300138445 /* Build configuration list for PBXProject "MenuBarTimer" */ = {
			isa = XCConfigurationList;
			buildConfigurations = (
				D8B5DD692DD5D0C600138445 /* Debug */,
				D8B5DD6A2DD5D0C600138445 /* Release */,
			);
			defaultConfigurationIsVisible = 0;
			defaultConfigurationName = Release;
		};
		D8B5DD6B2DD5D0C600138445 /* Build configuration list for PBXNativeTarget "MenuBarTimer" */ = {
			isa = XCConfigurationList;
			buildConfigurations = (
				D8B5DD6C2DD5D0C600138445 /* Debug */,
				D8B5DD6D2DD5D0C600138445 /* Release */,
			);
			defaultConfigurationIsVisible = 0;
			defaultConfigurationName = Release;
		};
		D8B5DD6E2DD5D0C600138445 /* Build configuration list for PBXNativeTarget "MenuBarTimerTests" */ = {
			isa = XCConfigurationList;
			buildConfigurations = (
				D8B5DD6F2DD5D0C600138445 /* Debug */,
				D8B5DD702DD5D0C600138445 /* Release */,
			);
			defaultConfigurationIsVisible = 0;
			defaultConfigurationName = Release;
		};
		D8B5DD712DD5D0C600138445 /* Build configuration list for PBXNativeTarget "MenuBarTimerUITests" */ = {
			isa = XCConfigurationList;
			buildConfigurations = (
				D8B5DD722DD5D0C600138445 /* Debug */,
				D8B5DD732DD5D0C600138445 /* Release */,
			);
			defaultConfigurationIsVisible = 0;
			defaultConfigurationName = Release;
		};
/* End XCConfigurationList section */
	};
	rootObject = D8B5DD412DD5D0C300138445 /* Project object */;
}
